// !$*UTF8*$!
{
	archiveVersion = 1;
	classes = {
	};
	objectVersion = 50;
	objects = {

/* Begin PBXBuildFile section */
		F4983F752342523900051073 /* AppDelegate.swift in Sources */ = {isa = PBXBuildFile; fileRef = F4983F742342523900051073 /* AppDelegate.swift */; };
		F4983F772342523900051073 /* ViewController.swift in Sources */ = {isa = PBXBuildFile; fileRef = F4983F762342523900051073 /* ViewController.swift */; };
		F4983F7A2342523900051073 /* Main.storyboard in Resources */ = {isa = PBXBuildFile; fileRef = F4983F782342523900051073 /* Main.storyboard */; };
		F4983F7C2342523E00051073 /* Assets.xcassets in Resources */ = {isa = PBXBuildFile; fileRef = F4983F7B2342523E00051073 /* Assets.xcassets */; };
		F4983F7F2342523E00051073 /* LaunchScreen.storyboard in Resources */ = {isa = PBXBuildFile; fileRef = F4983F7D2342523E00051073 /* LaunchScreen.storyboard */; };
		F4983F8A2342523E00051073 /* Guessing_GameTests.swift in Sources */ = {isa = PBXBuildFile; fileRef = F4983F892342523E00051073 /* Guessing_GameTests.swift */; };
		F4983F952342523E00051073 /* Guessing_GameUITests.swift in Sources */ = {isa = PBXBuildFile; fileRef = F4983F942342523E00051073 /* Guessing_GameUITests.swift */; };
/* End PBXBuildFile section */

/* Begin PBXContainerItemProxy section */
		F4983F862342523E00051073 /* PBXContainerItemProxy */ = {
			isa = PBXContainerItemProxy;
			containerPortal = F4983F692342523900051073 /* Project object */;
			proxyType = 1;
			remoteGlobalIDString = F4983F702342523900051073;
			remoteInfo = "Guessing Game";
		};
		F4983F912342523E00051073 /* PBXContainerItemProxy */ = {
			isa = PBXContainerItemProxy;
			containerPortal = F4983F692342523900051073 /* Project object */;
			proxyType = 1;
			remoteGlobalIDString = F4983F702342523900051073;
			remoteInfo = "Guessing Game";
		};
/* End PBXContainerItemProxy section */

/* Begin PBXFileReference section */
		F4983F712342523900051073 /* Guessing Game.app */ = {isa = PBXFileReference; explicitFileType = wrapper.application; includeInIndex = 0; path = "Guessing Game.app"; sourceTree = BUILT_PRODUCTS_DIR; };
		F4983F742342523900051073 /* AppDelegate.swift */ = {isa = PBXFileReference; lastKnownFileType = sourcecode.swift; path = AppDelegate.swift; sourceTree = "<group>"; };
		F4983F762342523900051073 /* ViewController.swift */ = {isa = PBXFileReference; lastKnownFileType = sourcecode.swift; path = ViewController.swift; sourceTree = "<group>"; };
		F4983F792342523900051073 /* Base */ = {isa = PBXFileReference; lastKnownFileType = file.storyboard; name = Base; path = Base.lproj/Main.storyboard; sourceTree = "<group>"; };
		F4983F7B2342523E00051073 /* Assets.xcassets */ = {isa = PBXFileReference; lastKnownFileType = folder.assetcatalog; path = Assets.xcassets; sourceTree = "<group>"; };
		F4983F7E2342523E00051073 /* Base */ = {isa = PBXFileReference; lastKnownFileType = file.storyboard; name = Base; path = Base.lproj/LaunchScreen.storyboard; sourceTree = "<group>"; };
		F4983F802342523E00051073 /* Info.plist */ = {isa = PBXFileReference; lastKnownFileType = text.plist.xml; path = Info.plist; sourceTree = "<group>"; };
		F4983F852342523E00051073 /* Guessing GameTests.xctest */ = {isa = PBXFileReference; explicitFileType = wrapper.cfbundle; includeInIndex = 0; path = "Guessing GameTests.xctest"; sourceTree = BUILT_PRODUCTS_DIR; };
		F4983F892342523E00051073 /* Guessing_GameTests.swift */ = {isa = PBXFileReference; lastKnownFileType = sourcecode.swift; path = Guessing_GameTests.swift; sourceTree = "<group>"; };
		F4983F8B2342523E00051073 /* Info.plist */ = {isa = PBXFileReference; lastKnownFileType = text.plist.xml; path = Info.plist; sourceTree = "<group>"; };
		F4983F902342523E00051073 /* Guessing GameUITests.xctest */ = {isa = PBXFileReference; explicitFileType = wrapper.cfbundle; includeInIndex = 0; path = "Guessing GameUITests.xctest"; sourceTree = BUILT_PRODUCTS_DIR; };
		F4983F942342523E00051073 /* Guessing_GameUITests.swift */ = {isa = PBXFileReference; lastKnownFileType = sourcecode.swift; path = Guessing_GameUITests.swift; sourceTree = "<group>"; };
		F4983F962342523E00051073 /* Info.plist */ = {isa = PBXFileReference; lastKnownFileType = text.plist.xml; path = Info.plist; sourceTree = "<group>"; };
/* End PBXFileReference section */

/* Begin PBXFrameworksBuildPhase section */
		F4983F6E2342523900051073 /* Frameworks */ = {
			isa = PBXFrameworksBuildPhase;
			buildActionMask = 2147483647;
			files = (
			);
			runOnlyForDeploymentPostprocessing = 0;
		};
		F4983F822342523E00051073 /* Frameworks */ = {
			isa = PBXFrameworksBuildPhase;
			buildActionMask = 2147483647;
			files = (
			);
			runOnlyForDeploymentPostprocessing = 0;
		};
		F4983F8D2342523E00051073 /* Frameworks */ = {
			isa = PBXFrameworksBuildPhase;
			buildActionMask = 2147483647;
			files = (
			);
			runOnlyForDeploymentPostprocessing = 0;
		};
/* End PBXFrameworksBuildPhase section */

/* Begin PBXGroup section */
		F4983F682342523900051073 = {
			isa = PBXGroup;
			children = (
				F4983F732342523900051073 /* Guessing Game */,
				F4983F882342523E00051073 /* Guessing GameTests */,
				F4983F932342523E00051073 /* Guessing GameUITests */,
				F4983F722342523900051073 /* Products */,
			);
			sourceTree = "<group>";
		};
		F4983F722342523900051073 /* Products */ = {
			isa = PBXGroup;
			children = (
				F4983F712342523900051073 /* Guessing Game.app */,
				F4983F852342523E00051073 /* Guessing GameTests.xctest */,
				F4983F902342523E00051073 /* Guessing GameUITests.xctest */,
			);
			name = Products;
			sourceTree = "<group>";
		};
		F4983F732342523900051073 /* Guessing Game */ = {
			isa = PBXGroup;
			children = (
				F4983F742342523900051073 /* AppDelegate.swift */,
				F4983F762342523900051073 /* ViewController.swift */,
				F4983F782342523900051073 /* Main.storyboard */,
				F4983F7B2342523E00051073 /* Assets.xcassets */,
				F4983F7D2342523E00051073 /* LaunchScreen.storyboard */,
				F4983F802342523E00051073 /* Info.plist */,
			);
			path = "Guessing Game";
			sourceTree = "<group>";
		};
		F4983F882342523E00051073 /* Guessing GameTests */ = {
			isa = PBXGroup;
			children = (
				F4983F892342523E00051073 /* Guessing_GameTests.swift */,
				F4983F8B2342523E00051073 /* Info.plist */,
			);
			path = "Guessing GameTests";
			sourceTree = "<group>";
		};
		F4983F932342523E00051073 /* Guessing GameUITests */ = {
			isa = PBXGroup;
			children = (
				F4983F942342523E00051073 /* Guessing_GameUITests.swift */,
				F4983F962342523E00051073 /* Info.plist */,
			);
			path = "Guessing GameUITests";
			sourceTree = "<group>";
		};
/* End PBXGroup section */

/* Begin PBXNativeTarget section */
		F4983F702342523900051073 /* Guessing Game */ = {
			isa = PBXNativeTarget;
			buildConfigurationList = F4983F992342523E00051073 /* Build configuration list for PBXNativeTarget "Guessing Game" */;
			buildPhases = (
				F4983F6D2342523900051073 /* Sources */,
				F4983F6E2342523900051073 /* Frameworks */,
				F4983F6F2342523900051073 /* Resources */,
			);
			buildRules = (
			);
			dependencies = (
			);
			name = "Guessing Game";
			productName = "Guessing Game";
			productReference = F4983F712342523900051073 /* Guessing Game.app */;
			productType = "com.apple.product-type.application";
		};
		F4983F842342523E00051073 /* Guessing GameTests */ = {
			isa = PBXNativeTarget;
			buildConfigurationList = F4983F9C2342523E00051073 /* Build configuration list for PBXNativeTarget "Guessing GameTests" */;
			buildPhases = (
				F4983F812342523E00051073 /* Sources */,
				F4983F822342523E00051073 /* Frameworks */,
				F4983F832342523E00051073 /* Resources */,
			);
			buildRules = (
			);
			dependencies = (
				F4983F872342523E00051073 /* PBXTargetDependency */,
			);
			name = "Guessing GameTests";
			productName = "Guessing GameTests";
			productReference = F4983F852342523E00051073 /* Guessing GameTests.xctest */;
			productType = "com.apple.product-type.bundle.unit-test";
		};
		F4983F8F2342523E00051073 /* Guessing GameUITests */ = {
			isa = PBXNativeTarget;
			buildConfigurationList = F4983F9F2342523E00051073 /* Build configuration list for PBXNativeTarget "Guessing GameUITests" */;
			buildPhases = (
				F4983F8C2342523E00051073 /* Sources */,
				F4983F8D2342523E00051073 /* Frameworks */,
				F4983F8E2342523E00051073 /* Resources */,
			);
			buildRules = (
			);
			dependencies = (
				F4983F922342523E00051073 /* PBXTargetDependency */,
			);
			name = "Guessing GameUITests";
			productName = "Guessing GameUITests";
			productReference = F4983F902342523E00051073 /* Guessing GameUITests.xctest */;
			productType = "com.apple.product-type.bundle.ui-testing";
		};
/* End PBXNativeTarget section */

/* Begin PBXProject section */
		F4983F692342523900051073 /* Project object */ = {
			isa = PBXProject;
			attributes = {
				LastSwiftUpdateCheck = 1030;
				LastUpgradeCheck = 1030;
				ORGANIZATIONNAME = "Zhang, Jesse";
				TargetAttributes = {
					F4983F702342523900051073 = {
						CreatedOnToolsVersion = 10.3;
					};
					F4983F842342523E00051073 = {
						CreatedOnToolsVersion = 10.3;
						TestTargetID = F4983F702342523900051073;
					};
					F4983F8F2342523E00051073 = {
						CreatedOnToolsVersion = 10.3;
						TestTargetID = F4983F702342523900051073;
					};
				};
			};
			buildConfigurationList = F4983F6C2342523900051073 /* Build configuration list for PBXProject "Guessing Game" */;
			compatibilityVersion = "Xcode 9.3";
			developmentRegion = en;
			hasScannedForEncodings = 0;
			knownRegions = (
				en,
				Base,
			);
			mainGroup = F4983F682342523900051073;
			productRefGroup = F4983F722342523900051073 /* Products */;
			projectDirPath = "";
			projectRoot = "";
			targets = (
				F4983F702342523900051073 /* Guessing Game */,
				F4983F842342523E00051073 /* Guessing GameTests */,
				F4983F8F2342523E00051073 /* Guessing GameUITests */,
			);
		};
/* End PBXProject section */

/* Begin PBXResourcesBuildPhase section */
		F4983F6F2342523900051073 /* Resources */ = {
			isa = PBXResourcesBuildPhase;
			buildActionMask = 2147483647;
			files = (
				F4983F7F2342523E00051073 /* LaunchScreen.storyboard in Resources */,
				F4983F7C2342523E00051073 /* Assets.xcassets in Resources */,
				F4983F7A2342523900051073 /* Main.storyboard in Resources */,
			);
			runOnlyForDeploymentPostprocessing = 0;
		};
		F4983F832342523E00051073 /* Resources */ = {
			isa = PBXResourcesBuildPhase;
			buildActionMask = 2147483647;
			files = (
			);
			runOnlyForDeploymentPostprocessing = 0;
		};
		F4983F8E2342523E00051073 /* Resources */ = {
			isa = PBXResourcesBuildPhase;
			buildActionMask = 2147483647;
			files = (
			);
			runOnlyForDeploymentPostprocessing = 0;
		};
/* End PBXResourcesBuildPhase section */

/* Begin PBXSourcesBuildPhase section */
		F4983F6D2342523900051073 /* Sources */ = {
			isa = PBXSourcesBuildPhase;
			buildActionMask = 2147483647;
			files = (
				F4983F772342523900051073 /* ViewController.swift in Sources */,
				F4983F752342523900051073 /* AppDelegate.swift in Sources */,
			);
			runOnlyForDeploymentPostprocessing = 0;
		};
		F4983F812342523E00051073 /* Sources */ = {
			isa = PBXSourcesBuildPhase;
			buildActionMask = 2147483647;
			files = (
				F4983F8A2342523E00051073 /* Guessing_GameTests.swift in Sources */,
			);
			runOnlyForDeploymentPostprocessing = 0;
		};
		F4983F8C2342523E00051073 /* Sources */ = {
			isa = PBXSourcesBuildPhase;
			buildActionMask = 2147483647;
			files = (
				F4983F952342523E00051073 /* Guessing_GameUITests.swift in Sources */,
			);
			runOnlyForDeploymentPostprocessing = 0;
		};
/* End PBXSourcesBuildPhase section */

/* Begin PBXTargetDependency section */
		F4983F872342523E00051073 /* PBXTargetDependency */ = {
			isa = PBXTargetDependency;
			target = F4983F702342523900051073 /* Guessing Game */;
			targetProxy = F4983F862342523E00051073 /* PBXContainerItemProxy */;
		};
		F4983F922342523E00051073 /* PBXTargetDependency */ = {
			isa = PBXTargetDependency;
			target = F4983F702342523900051073 /* Guessing Game */;
			targetProxy = F4983F912342523E00051073 /* PBXContainerItemProxy */;
		};
/* End PBXTargetDependency section */

/* Begin PBXVariantGroup section */
		F4983F782342523900051073 /* Main.storyboard */ = {
			isa = PBXVariantGroup;
			children = (
				F4983F792342523900051073 /* Base */,
			);
			name = Main.storyboard;
			sourceTree = "<group>";
		};
		F4983F7D2342523E00051073 /* LaunchScreen.storyboard */ = {
			isa = PBXVariantGroup;
			children = (
				F4983F7E2342523E00051073 /* Base */,
			);
			name = LaunchScreen.storyboard;
			sourceTree = "<group>";
		};
/* End PBXVariantGroup section */

/* Begin XCBuildConfiguration section */
		F4983F972342523E00051073 /* Debug */ = {
			isa = XCBuildConfiguration;
			buildSettings = {
				ALWAYS_SEARCH_USER_PATHS = NO;
				CLANG_ANALYZER_NONNULL = YES;
				CLANG_ANALYZER_NUMBER_OBJECT_CONVERSION = YES_AGGRESSIVE;
				CLANG_CXX_LANGUAGE_STANDARD = "gnu++14";
				CLANG_CXX_LIBRARY = "libc++";
				CLANG_ENABLE_MODULES = YES;
				CLANG_ENABLE_OBJC_ARC = YES;
				CLANG_ENABLE_OBJC_WEAK = YES;
				CLANG_WARN_BLOCK_CAPTURE_AUTORELEASING = YES;
				CLANG_WARN_BOOL_CONVERSION = YES;
				CLANG_WARN_COMMA = YES;
				CLANG_WARN_CONSTANT_CONVERSION = YES;
				CLANG_WARN_DEPRECATED_OBJC_IMPLEMENTATIONS = YES;
				CLANG_WARN_DIRECT_OBJC_ISA_USAGE = YES_ERROR;
				CLANG_WARN_DOCUMENTATION_COMMENTS = YES;
				CLANG_WARN_EMPTY_BODY = YES;
				CLANG_WARN_ENUM_CONVERSION = YES;
				CLANG_WARN_INFINITE_RECURSION = YES;
				CLANG_WARN_INT_CONVERSION = YES;
				CLANG_WARN_NON_LITERAL_NULL_CONVERSION = YES;
				CLANG_WARN_OBJC_IMPLICIT_RETAIN_SELF = YES;
				CLANG_WARN_OBJC_LITERAL_CONVERSION = YES;
				CLANG_WARN_OBJC_ROOT_CLASS = YES_ERROR;
				CLANG_WARN_RANGE_LOOP_ANALYSIS = YES;
				CLANG_WARN_STRICT_PROTOTYPES = YES;
				CLANG_WARN_SUSPICIOUS_MOVE = YES;
				CLANG_WARN_UNGUARDED_AVAILABILITY = YES_AGGRESSIVE;
				CLANG_WARN_UNREACHABLE_CODE = YES;
				CLANG_WARN__DUPLICATE_METHOD_MATCH = YES;
				CODE_SIGN_IDENTITY = "iPhone Developer";
				COPY_PHASE_STRIP = NO;
				DEBUG_INFORMATION_FORMAT = dwarf;
				ENABLE_STRICT_OBJC_MSGSEND = YES;
				ENABLE_TESTABILITY = YES;
				GCC_C_LANGUAGE_STANDARD = gnu11;
				GCC_DYNAMIC_NO_PIC = NO;
				GCC_NO_COMMON_BLOCKS = YES;
				GCC_OPTIMIZATION_LEVEL = 0;
				GCC_PREPROCESSOR_DEFINITIONS = (
					"DEBUG=1",
					"$(inherited)",
				);
				GCC_WARN_64_TO_32_BIT_CONVERSION = YES;
				GCC_WARN_ABOUT_RETURN_TYPE = YES_ERROR;
				GCC_WARN_UNDECLARED_SELECTOR = YES;
				GCC_WARN_UNINITIALIZED_AUTOS = YES_AGGRESSIVE;
				GCC_WARN_UNUSED_FUNCTION = YES;
				GCC_WARN_UNUSED_VARIABLE = YES;
				IPHONEOS_DEPLOYMENT_TARGET = 12.4;
				MTL_ENABLE_DEBUG_INFO = INCLUDE_SOURCE;
				MTL_FAST_MATH = YES;
				ONLY_ACTIVE_ARCH = YES;
				SDKROOT = iphoneos;
				SWIFT_ACTIVE_COMPILATION_CONDITIONS = DEBUG;
				SWIFT_OPTIMIZATION_LEVEL = "-Onone";
			};
			name = Debug;
		};
		F4983F982342523E00051073 /* Release */ = {
			isa = XCBuildConfiguration;
			buildSettings = {
				ALWAYS_SEARCH_USER_PATHS = NO;
				CLANG_ANALYZER_NONNULL = YES;
				CLANG_ANALYZER_NUMBER_OBJECT_CONVERSION = YES_AGGRESSIVE;
				CLANG_CXX_LANGUAGE_STANDARD = "gnu++14";
				CLANG_CXX_LIBRARY = "libc++";
				CLANG_ENABLE_MODULES = YES;
				CLANG_ENABLE_OBJC_ARC = YES;
				CLANG_ENABLE_OBJC_WEAK = YES;
				CLANG_WARN_BLOCK_CAPTURE_AUTORELEASING = YES;
				CLANG_WARN_BOOL_CONVERSION = YES;
				CLANG_WARN_COMMA = YES;
				CLANG_WARN_CONSTANT_CONVERSION = YES;
				CLANG_WARN_DEPRECATED_OBJC_IMPLEMENTATIONS = YES;
				CLANG_WARN_DIRECT_OBJC_ISA_USAGE = YES_ERROR;
				CLANG_WARN_DOCUMENTATION_COMMENTS = YES;
				CLANG_WARN_EMPTY_BODY = YES;
				CLANG_WARN_ENUM_CONVERSION = YES;
				CLANG_WARN_INFINITE_RECURSION = YES;
				CLANG_WARN_INT_CONVERSION = YES;
				CLANG_WARN_NON_LITERAL_NULL_CONVERSION = YES;
				CLANG_WARN_OBJC_IMPLICIT_RETAIN_SELF = YES;
				CLANG_WARN_OBJC_LITERAL_CONVERSION = YES;
				CLANG_WARN_OBJC_ROOT_CLASS = YES_ERROR;
				CLANG_WARN_RANGE_LOOP_ANALYSIS = YES;
				CLANG_WARN_STRICT_PROTOTYPES = YES;
				CLANG_WARN_SUSPICIOUS_MOVE = YES;
				CLANG_WARN_UNGUARDED_AVAILABILITY = YES_AGGRESSIVE;
				CLANG_WARN_UNREACHABLE_CODE = YES;
				CLANG_WARN__DUPLICATE_METHOD_MATCH = YES;
				CODE_SIGN_IDENTITY = "iPhone Developer";
				COPY_PHASE_STRIP = NO;
				DEBUG_INFORMATION_FORMAT = "dwarf-with-dsym";
				ENABLE_NS_ASSERTIONS = NO;
				ENABLE_STRICT_OBJC_MSGSEND = YES;
				GCC_C_LANGUAGE_STANDARD = gnu11;
				GCC_NO_COMMON_BLOCKS = YES;
				GCC_WARN_64_TO_32_BIT_CONVERSION = YES;
				GCC_WARN_ABOUT_RETURN_TYPE = YES_ERROR;
				GCC_WARN_UNDECLARED_SELECTOR = YES;
				GCC_WARN_UNINITIALIZED_AUTOS = YES_AGGRESSIVE;
				GCC_WARN_UNUSED_FUNCTION = YES;
				GCC_WARN_UNUSED_VARIABLE = YES;
				IPHONEOS_DEPLOYMENT_TARGET = 12.4;
				MTL_ENABLE_DEBUG_INFO = NO;
				MTL_FAST_MATH = YES;
				SDKROOT = iphoneos;
				SWIFT_COMPILATION_MODE = wholemodule;
				SWIFT_OPTIMIZATION_LEVEL = "-O";
				VALIDATE_PRODUCT = YES;
			};
			name = Release;
		};
		F4983F9A2342523E00051073 /* Debug */ = {
			isa = XCBuildConfiguration;
			buildSettings = {
				ASSETCATALOG_COMPILER_APPICON_NAME = AppIcon;
				CODE_SIGN_STYLE = Automatic;
				DEVELOPMENT_TEAM = 62A54T39XJ;
				INFOPLIST_FILE = "Guessing Game/Info.plist";
				LD_RUNPATH_SEARCH_PATHS = (
					"$(inherited)",
					"@executable_path/Frameworks",
				);
				PRODUCT_BUNDLE_IDENTIFIER = "ca.zhang.jesse.Guessing-Game";
				PRODUCT_NAME = "$(TARGET_NAME)";
				SWIFT_VERSION = 5.0;
				TARGETED_DEVICE_FAMILY = "1,2";
			};
			name = Debug;
		};
		F4983F9B2342523E00051073 /* Release */ = {
			isa = XCBuildConfiguration;
			buildSettings = {
				ASSETCATALOG_COMPILER_APPICON_NAME = AppIcon;
				CODE_SIGN_STYLE = Automatic;
				DEVELOPMENT_TEAM = 62A54T39XJ;
				INFOPLIST_FILE = "Guessing Game/Info.plist";
				LD_RUNPATH_SEARCH_PATHS = (
					"$(inherited)",
					"@executable_path/Frameworks",
				);
				PRODUCT_BUNDLE_IDENTIFIER = "ca.zhang.jesse.Guessing-Game";
				PRODUCT_NAME = "$(TARGET_NAME)";
				SWIFT_VERSION = 5.0;
				TARGETED_DEVICE_FAMILY = "1,2";
			};
			name = Release;
		};
		F4983F9D2342523E00051073 /* Debug */ = {
			isa = XCBuildConfiguration;
			buildSettings = {
				ALWAYS_EMBED_SWIFT_STANDARD_LIBRARIES = YES;
				BUNDLE_LOADER = "$(TEST_HOST)";
				CODE_SIGN_STYLE = Automatic;
				DEVELOPMENT_TEAM = 62A54T39XJ;
				INFOPLIST_FILE = "Guessing GameTests/Info.plist";
				LD_RUNPATH_SEARCH_PATHS = (
					"$(inherited)",
					"@executable_path/Frameworks",
					"@loader_path/Frameworks",
				);
				PRODUCT_BUNDLE_IDENTIFIER = "ca.zhang.jesse.Guessing-GameTests";
				PRODUCT_NAME = "$(TARGET_NAME)";
				SWIFT_VERSION = 5.0;
				TARGETED_DEVICE_FAMILY = "1,2";
				TEST_HOST = "$(BUILT_PRODUCTS_DIR)/Guessing Game.app/Guessing Game";
			};
			name = Debug;
		};
		F4983F9E2342523E00051073 /* Release */ = {
			isa = XCBuildConfiguration;
			buildSettings = {
				ALWAYS_EMBED_SWIFT_STANDARD_LIBRARIES = YES;
				BUNDLE_LOADER = "$(TEST_HOST)";
				CODE_SIGN_STYLE = Automatic;
				DEVELOPMENT_TEAM = 62A54T39XJ;
				INFOPLIST_FILE = "Guessing GameTests/Info.plist";
				LD_RUNPATH_SEARCH_PATHS = (
					"$(inherited)",
					"@executable_path/Frameworks",
					"@loader_path/Frameworks",
				);
				PRODUCT_BUNDLE_IDENTIFIER = "ca.zhang.jesse.Guessing-GameTests";
				PRODUCT_NAME = "$(TARGET_NAME)";
				SWIFT_VERSION = 5.0;
				TARGETED_DEVICE_FAMILY = "1,2";
				TEST_HOST = "$(BUILT_PRODUCTS_DIR)/Guessing Game.app/Guessing Game";
			};
			name = Release;
		};
		F4983FA02342523E00051073 /* Debug */ = {
			isa = XCBuildConfiguration;
			buildSettings = {
				ALWAYS_EMBED_SWIFT_STANDARD_LIBRARIES = YES;
				CODE_SIGN_STYLE = Automatic;
				DEVELOPMENT_TEAM = 62A54T39XJ;
				INFOPLIST_FILE = "Guessing GameUITests/Info.plist";
				LD_RUNPATH_SEARCH_PATHS = (
					"$(inherited)",
					"@executable_path/Frameworks",
					"@loader_path/Frameworks",
				);
				PRODUCT_BUNDLE_IDENTIFIER = "ca.zhang.jesse.Guessing-GameUITests";
				PRODUCT_NAME = "$(TARGET_NAME)";
				SWIFT_VERSION = 5.0;
				TARGETED_DEVICE_FAMILY = "1,2";
				TEST_TARGET_NAME = "Guessing Game";
			};
			name = Debug;
		};
		F4983FA12342523E00051073 /* Release */ = {
			isa = XCBuildConfiguration;
			buildSettings = {
				ALWAYS_EMBED_SWIFT_STANDARD_LIBRARIES = YES;
				CODE_SIGN_STYLE = Automatic;
				DEVELOPMENT_TEAM = 62A54T39XJ;
				INFOPLIST_FILE = "Guessing GameUITests/Info.plist";
				LD_RUNPATH_SEARCH_PATHS = (
					"$(inherited)",
					"@executable_path/Frameworks",
					"@loader_path/Frameworks",
				);
				PRODUCT_BUNDLE_IDENTIFIER = "ca.zhang.jesse.Guessing-GameUITests";
				PRODUCT_NAME = "$(TARGET_NAME)";
				SWIFT_VERSION = 5.0;
				TARGETED_DEVICE_FAMILY = "1,2";
				TEST_TARGET_NAME = "Guessing Game";
			};
			name = Release;
		};
/* End XCBuildConfiguration section */

/* Begin XCConfigurationList section */
		F4983F6C2342523900051073 /* Build configuration list for PBXProject "Guessing Game" */ = {
			isa = XCConfigurationList;
			buildConfigurations = (
				F4983F972342523E00051073 /* Debug */,
				F4983F982342523E00051073 /* Release */,
			);
			defaultConfigurationIsVisible = 0;
			defaultConfigurationName = Release;
		};
		F4983F992342523E00051073 /* Build configuration list for PBXNativeTarget "Guessing Game" */ = {
			isa = XCConfigurationList;
			buildConfigurations = (
				F4983F9A2342523E00051073 /* Debug */,
				F4983F9B2342523E00051073 /* Release */,
			);
			defaultConfigurationIsVisible = 0;
			defaultConfigurationName = Release;
		};
		F4983F9C2342523E00051073 /* Build configuration list for PBXNativeTarget "Guessing GameTests" */ = {
			isa = XCConfigurationList;
			buildConfigurations = (
				F4983F9D2342523E00051073 /* Debug */,
				F4983F9E2342523E00051073 /* Release */,
			);
			defaultConfigurationIsVisible = 0;
			defaultConfigurationName = Release;
		};
		F4983F9F2342523E00051073 /* Build configuration list for PBXNativeTarget "Guessing GameUITests" */ = {
			isa = XCConfigurationList;
			buildConfigurations = (
				F4983FA02342523E00051073 /* Debug */,
				F4983FA12342523E00051073 /* Release */,
			);
			defaultConfigurationIsVisible = 0;
			defaultConfigurationName = Release;
		};
/* End XCConfigurationList section */
	};
	rootObject = F4983F692342523900051073 /* Project object */;
}
